
Microsoft Visual Studio Solution File, Format Version 12.00
# Visual Studio Version 17
VisualStudioVersion = 17.3.32819.101
MinimumVisualStudioVersion = 10.0.40219.1
Project("{9A19103F-16F7-4668-BE54-9A1E7A4F7556}") = "Hawi", "Hawi\Hawi.csproj", "{9BACE5E2-0FE8-4128-B210-1F86697CD490}"
EndProject
Global
	GlobalSection(SolutionConfigurationPlatforms) = preSolution
		Debug|Any CPU = Debug|Any CPU
		Release|Any CPU = Release|Any CPU
	EndGlobalSection
	GlobalSection(ProjectConfigurationPlatforms) = postSolution
		{9BACE5E2-0FE8-4128-B210-1F86697CD490}.Debug|Any CPU.ActiveCfg = Debug|Any CPU
		{9BACE5E2-0FE8-4128-B210-1F86697CD490}.Debug|Any CPU.Build.0 = Debug|Any CPU
		{9BACE5E2-0FE8-4128-B210-1F86697CD490}.Release|Any CPU.ActiveCfg = Debug|Any CPU
		{9BACE5E2-0FE8-4128-B210-1F86697CD490}.Release|Any CPU.Build.0 = Debug|Any CPU
	EndGlobalSection
	GlobalSection(SolutionProperties) = preSolution
		HideSolutionNode = FALSE
	EndGlobalSection
	GlobalSection(ExtensibilityGlobals) = postSolution
		SolutionGuid = {5AA4DB78-5366-4D75-AC26-CA3B0FA3A018}
	EndGlobalSection
EndGlobal
